{
  "version": "1",
  "sources": {
    "agenix": {
      "type": "GitHub",
      "fetchType": "tarball",
      "owner": "ryantm",
      "repo": "agenix",
      "branch": "main",
      "revision": "f6291c5935fdc4e0bef208cfc0dcab7e3f7a1c41",
      "url": "https://github.com/ryantm/agenix/archive/f6291c5935fdc4e0bef208cfc0dcab7e3f7a1c41.tar.gz",
      "hash": "sha256-b+uqzj+Wa6xgMS9aNbX4I+sXeb5biPDi39VgvSFqFvU="
    },
    "buildbot-nix": {
      "type": "GitHub",
      "fetchType": "tarball",
      "owner": "JulienMalka",
      "repo": "buildbot-nix",
      "branch": "main",
      "revision": "699160c3e095d349cf26a4957e07d9cb99a379f2",
      "url": "https://github.com/JulienMalka/buildbot-nix/archive/699160c3e095d349cf26a4957e07d9cb99a379f2.tar.gz",
      "hash": "sha256-AzQrQPctgjr+wGiVLMrP8ZT/B2s0W+DlxViniQbzZ+4="
    },
    "colmena": {
      "type": "GitHub",
      "fetchType": "tarball",
      "owner": "zhaofengli",
      "repo": "colmena",
      "branch": "main",
      "revision": "e3ad42138015fcdf2524518dd564a13145c72ea1",
      "url": "https://github.com/zhaofengli/colmena/archive/e3ad42138015fcdf2524518dd564a13145c72ea1.tar.gz",
      "hash": "sha256-dI9I6suECoIAmbS4xcrqF8r2pbmed8WWm5LIF1yWPw8="
    },
    "disko": {
      "type": "GitHub",
      "fetchType": "tarball",
      "owner": "nix-community",
      "repo": "disko",
      "branch": "master",
      "revision": "2ed5e30fc7e34adf455db8b02b9151d3922a54ea",
      "url": "https://github.com/nix-community/disko/archive/2ed5e30fc7e34adf455db8b02b9151d3922a54ea.tar.gz",
      "hash": "sha256-5EYzmoTpem2IB9JWzd41sL98pz3lyyCSTiCjv08i4Uk="
    },
    "dns": {
      "type": "GitHub",
      "fetchType": "tarball",
      "owner": "JulienMalka",
      "repo": "dns.nix",
      "branch": "master",
      "revision": "922d6a72ae1f4436cc8f8e04080c50aa65e0d749",
      "url": "https://github.com/JulienMalka/dns.nix/archive/922d6a72ae1f4436cc8f8e04080c50aa65e0d749.tar.gz",
      "hash": "sha256-K2X21U4sSYtEZiDM0Eg/IV4wRs80kztLi6qaVDIUCJE="
    },
    "git-hooks": {
      "type": "GitHub",
      "fetchType": "tarball",
      "owner": "cachix",
      "repo": "git-hooks.nix",
      "branch": "master",
      "revision": "3308484d1a443fc5bc92012435d79e80458fe43c",
      "url": "https://github.com/cachix/git-hooks.nix/archive/3308484d1a443fc5bc92012435d79e80458fe43c.tar.gz",
      "hash": "sha256-mnTbjpdqF0luOkou8ZFi2asa1N3AA2CchR/RqCNmsGE="
    },
    "home-manager": {
      "type": "GitHub",
      "fetchType": "tarball",
      "owner": "nix-community",
      "repo": "home-manager",
      "branch": "release-24.11",
      "revision": "f3111f62a23451114433888902a55cf0692b408d",
      "url": "https://github.com/nix-community/home-manager/archive/f3111f62a23451114433888902a55cf0692b408d.tar.gz",
      "hash": "sha256-T1e5oceypZu3Q8vzICjv1X/sGs9XfJRMW5OuXHgpB3c="
    },
    "home-manager-unstable": {
      "type": "GitHub",
      "fetchType": "tarball",
      "owner": "nix-community",
      "repo": "home-manager",
      "branch": "master",
      "revision": "a9953635d7f34e7358d5189751110f87e3ac17da",
      "url": "https://github.com/nix-community/home-manager/archive/a9953635d7f34e7358d5189751110f87e3ac17da.tar.gz",
      "hash": "sha256-GUffLwzawz5WRVfWaWCg78n/HrBJrOG7QadFY6rtV8A="
    },
    "homepage": {
      "type": "GitHub",
      "fetchType": "tarball",
      "owner": "JulienMalka",
      "repo": "homepage",
      "branch": "main",
      "revision": "29e779d8600b1c1e6235570a3614a54f8ec8126e",
      "url": "https://github.com/JulienMalka/homepage/archive/29e779d8600b1c1e6235570a3614a54f8ec8126e.tar.gz",
      "hash": "sha256-YuwHCXEbrzuEyRy1/2bX4Rux/nqmzRZ8H44+83JQNV8="
    },
    "impermanence": {
      "type": "GitHub",
      "fetchType": "tarball",
      "owner": "nix-community",
      "repo": "impermanence",
      "branch": "master",
      "revision": "3ed3f0eaae9fcc0a8331e77e9319c8a4abd8a71a",
      "url": "https://github.com/nix-community/impermanence/archive/3ed3f0eaae9fcc0a8331e77e9319c8a4abd8a71a.tar.gz",
      "hash": "sha256-B3C3JLbGw0FtLSWCjBxU961gLNv+BOOBC6WvstKLYMw="
    },
    "lanzaboote": {
      "type": "GitHub",
      "fetchType": "tarball",
      "owner": "nix-community",
      "repo": "lanzaboote",
      "branch": "master",
      "revision": "2f48272f34174fd2a5ab3df4d8a46919247be879",
      "url": "https://github.com/nix-community/lanzaboote/archive/2f48272f34174fd2a5ab3df4d8a46919247be879.tar.gz",
      "hash": "sha256-zpmAzrvK8KdssBSwiIwwRxaUJ77oWORbW0XFvgCFpTE="
    },
    "lila": {
      "type": "GitHub",
      "fetchType": "tarball",
      "owner": "JulienMalka",
      "repo": "lila",
      "branch": "main",
      "revision": "9c52498d310c8ecca8de63e50658bd5089617e3a",
      "url": "https://github.com/JulienMalka/lila/archive/9c52498d310c8ecca8de63e50658bd5089617e3a.tar.gz",
      "hash": "sha256-GOXCyP1DjN7RV+FULaPxBmXnKaw3jTw5W9uDfhbY/CM="
    },
    "lon": {
      "type": "GitHub",
      "fetchType": "tarball",
      "owner": "nikstur",
      "repo": "lon",
      "branch": "main",
      "revision": "a8b4406e5151af87b989564d4aa98ecd6d4d3500",
      "url": "https://github.com/nikstur/lon/archive/a8b4406e5151af87b989564d4aa98ecd6d4d3500.tar.gz",
      "hash": "sha256-VGvK0ahBl440NMs03WqmP7T4a1DP13yfX47YI84rlGU="
    },
    "nix-index-database": {
      "type": "GitHub",
      "fetchType": "tarball",
      "owner": "mic92",
      "repo": "nix-index-database",
      "branch": "main",
      "revision": "f4a5ca5771ba9ca31ad24a62c8d511a405303436",
      "url": "https://github.com/mic92/nix-index-database/archive/f4a5ca5771ba9ca31ad24a62c8d511a405303436.tar.gz",
      "hash": "sha256-AGXhwHdJV0q/WNgqwrR2zriubLr785b02FphaBtyt1Q="
    },
    "nixos-anywhere": {
      "type": "GitHub",
      "fetchType": "tarball",
      "owner": "nix-community",
      "repo": "nixos-anywhere",
      "branch": "main",
      "revision": "80a2e7d6d9816a80fd412befd5f173836e675185",
      "url": "https://github.com/nix-community/nixos-anywhere/archive/80a2e7d6d9816a80fd412befd5f173836e675185.tar.gz",
      "hash": "sha256-zcoxeMRGPpOd46dLeo2bgGLkjW5w50VC5DwZlvZD+A4="
    },
    "nixpkgs": {
      "type": "GitHub",
      "fetchType": "tarball",
      "owner": "nixos",
      "repo": "nixpkgs",
      "branch": "nixos-24.11",
      "revision": "62c435d93bf046a5396f3016472e8f7c8e2aed65",
      "url": "https://github.com/nixos/nixpkgs/archive/62c435d93bf046a5396f3016472e8f7c8e2aed65.tar.gz",
      "hash": "sha256-F7thesZPvAMSwjRu0K8uFshTk3ZZSNAsXTIFvXBT+34="
    },
    "stateless-uptime-kuma": {
      "type": "Git",
      "fetchType": "git",
      "branch": "truly-deterministic",
      "revision": "caf3169829647809805caaf968c8c0d4015ef187",
      "url": "https://git.dgnum.eu/Luj/stateless-uptime-kuma.git",
      "hash": "sha256-tux43mzd1rrlpTEhcQ9PiJBse9+SGEcWY/9F8cxX+Po=",
      "submodules": false
    },
    "unstable": {
      "type": "GitHub",
      "fetchType": "tarball",
      "owner": "nixos",
      "repo": "nixpkgs",
      "branch": "nixos-unstable",
      "revision": "23e89b7da85c3640bbc2173fe04f4bd114342367",
      "url": "https://github.com/nixos/nixpkgs/archive/23e89b7da85c3640bbc2173fe04f4bd114342367.tar.gz",
      "hash": "sha256-y/MEyuJ5oBWrWAic/14LaIr/u5E0wRVzyYsouYY3W6w="
    }
  }
}
