{
  "version": "1",
  "sources": {
    "agenix": {
      "type": "GitHub",
      "fetchType": "tarball",
      "owner": "ryantm",
      "repo": "agenix",
      "branch": "main",
      "revision": "f6291c5935fdc4e0bef208cfc0dcab7e3f7a1c41",
      "url": "https://github.com/ryantm/agenix/archive/f6291c5935fdc4e0bef208cfc0dcab7e3f7a1c41.tar.gz",
      "hash": "sha256-b+uqzj+Wa6xgMS9aNbX4I+sXeb5biPDi39VgvSFqFvU="
    },
    "arkheon": {
      "type": "GitHub",
      "fetchType": "tarball",
      "owner": "raitobezarius",
      "repo": "arkheon",
      "branch": "main",
      "revision": "113724a1a206905e68319676f73d095fcc043a42",
      "url": "https://github.com/raitobezarius/arkheon/archive/113724a1a206905e68319676f73d095fcc043a42.tar.gz",
      "hash": "sha256-+BkuEBvFcLRsIe3FoHojRvXeyOS+n3dxPOafBgR4CHo="
    },
    "buildbot-nix": {
      "type": "GitHub",
      "fetchType": "tarball",
      "owner": "JulienMalka",
      "repo": "buildbot-nix",
      "branch": "main",
      "revision": "699160c3e095d349cf26a4957e07d9cb99a379f2",
      "url": "https://github.com/JulienMalka/buildbot-nix/archive/699160c3e095d349cf26a4957e07d9cb99a379f2.tar.gz",
      "hash": "sha256-AzQrQPctgjr+wGiVLMrP8ZT/B2s0W+DlxViniQbzZ+4="
    },
    "colmena": {
      "type": "GitHub",
      "fetchType": "tarball",
      "owner": "zhaofengli",
      "repo": "colmena",
      "branch": "main",
      "revision": "b0a62f234fae02a006123e661ff70e62af16106b",
      "url": "https://github.com/zhaofengli/colmena/archive/b0a62f234fae02a006123e661ff70e62af16106b.tar.gz",
      "hash": "sha256-gyUVsPAWY9AgVKjrNPoowrIr5BvK4gI0UkDXvv8iSxA="
    },
    "disko": {
      "type": "GitHub",
      "fetchType": "tarball",
      "owner": "nix-community",
      "repo": "disko",
      "branch": "master",
      "revision": "bdbdb725d632863bdedb80baabf21327614dd237",
      "url": "https://github.com/nix-community/disko/archive/bdbdb725d632863bdedb80baabf21327614dd237.tar.gz",
      "hash": "sha256-D9TChzb00eTG1YWBx8eN2s6lJJnBjB5Y7RpxkAzGvyQ="
    },
    "dns": {
      "type": "GitHub",
      "fetchType": "tarball",
      "owner": "JulienMalka",
      "repo": "dns.nix",
      "branch": "master",
      "revision": "922d6a72ae1f4436cc8f8e04080c50aa65e0d749",
      "url": "https://github.com/JulienMalka/dns.nix/archive/922d6a72ae1f4436cc8f8e04080c50aa65e0d749.tar.gz",
      "hash": "sha256-K2X21U4sSYtEZiDM0Eg/IV4wRs80kztLi6qaVDIUCJE="
    },
    "git-hooks": {
      "type": "GitHub",
      "fetchType": "tarball",
      "owner": "cachix",
      "repo": "git-hooks.nix",
      "branch": "master",
      "revision": "eb74e0be24a11a1531b5b8659535580554d30b28",
      "url": "https://github.com/cachix/git-hooks.nix/archive/eb74e0be24a11a1531b5b8659535580554d30b28.tar.gz",
      "hash": "sha256-7FMyNISP7K6XDSIt1NJxkXZnEdV3HZUXvFoBaJ/qdOg="
    },
    "home-manager": {
      "type": "GitHub",
      "fetchType": "tarball",
      "owner": "nix-community",
      "repo": "home-manager",
      "branch": "release-24.05",
      "revision": "2f23fa308a7c067e52dfcc30a0758f47043ec176",
      "url": "https://github.com/nix-community/home-manager/archive/2f23fa308a7c067e52dfcc30a0758f47043ec176.tar.gz",
      "hash": "sha256-Vl+WVTJwutXkimwGprnEtXc/s/s8sMuXzqXaspIGlwM="
    },
    "home-manager-unstable": {
      "type": "GitHub",
      "fetchType": "tarball",
      "owner": "nix-community",
      "repo": "home-manager",
      "branch": "master",
      "revision": "d57112db877f07387ce7104b5ac346ede556d2d7",
      "url": "https://github.com/nix-community/home-manager/archive/d57112db877f07387ce7104b5ac346ede556d2d7.tar.gz",
      "hash": "sha256-8ZWr1HpciQsrFjvPMvZl0W+b0dilZOqXPoKa2Ux36bc="
    },
    "homepage": {
      "type": "GitHub",
      "fetchType": "tarball",
      "owner": "JulienMalka",
      "repo": "homepage",
      "branch": "main",
      "revision": "29e779d8600b1c1e6235570a3614a54f8ec8126e",
      "url": "https://github.com/JulienMalka/homepage/archive/29e779d8600b1c1e6235570a3614a54f8ec8126e.tar.gz",
      "hash": "sha256-YuwHCXEbrzuEyRy1/2bX4Rux/nqmzRZ8H44+83JQNV8="
    },
    "impermanence": {
      "type": "GitHub",
      "fetchType": "tarball",
      "owner": "nix-community",
      "repo": "impermanence",
      "branch": "master",
      "revision": "d0b38e550039a72aff896ee65b0918e975e6d48e",
      "url": "https://github.com/nix-community/impermanence/archive/d0b38e550039a72aff896ee65b0918e975e6d48e.tar.gz",
      "hash": "sha256-FA53of86DjFdeQzRDVtvgWF9o52rWK70VHGx0Y8fElQ="
    },
    "lanzaboote": {
      "type": "GitHub",
      "fetchType": "tarball",
      "owner": "nix-community",
      "repo": "lanzaboote",
      "branch": "master",
      "revision": "3326a0b3974fc04d991990f6497fe1a7d9892439",
      "url": "https://github.com/nix-community/lanzaboote/archive/3326a0b3974fc04d991990f6497fe1a7d9892439.tar.gz",
      "hash": "sha256-LnBVdKPsreziZkYbeFqiSYP7tPFlprt9ej2QGd2aNlw="
    },
    "lila": {
      "type": "GitHub",
      "fetchType": "tarball",
      "owner": "JulienMalka",
      "repo": "lila",
      "branch": "main",
      "revision": "9c52498d310c8ecca8de63e50658bd5089617e3a",
      "url": "https://github.com/JulienMalka/lila/archive/9c52498d310c8ecca8de63e50658bd5089617e3a.tar.gz",
      "hash": "sha256-GOXCyP1DjN7RV+FULaPxBmXnKaw3jTw5W9uDfhbY/CM="
    },
    "lon": {
      "type": "GitHub",
      "fetchType": "tarball",
      "owner": "nikstur",
      "repo": "lon",
      "branch": "main",
      "revision": "a8b4406e5151af87b989564d4aa98ecd6d4d3500",
      "url": "https://github.com/nikstur/lon/archive/a8b4406e5151af87b989564d4aa98ecd6d4d3500.tar.gz",
      "hash": "sha256-VGvK0ahBl440NMs03WqmP7T4a1DP13yfX47YI84rlGU="
    },
    "nix-index-database": {
      "type": "GitHub",
      "fetchType": "tarball",
      "owner": "mic92",
      "repo": "nix-index-database",
      "branch": "main",
      "revision": "5fce10c871bab6d7d5ac9e5e7efbb3a2783f5259",
      "url": "https://github.com/mic92/nix-index-database/archive/5fce10c871bab6d7d5ac9e5e7efbb3a2783f5259.tar.gz",
      "hash": "sha256-GJDtsxz2/zw6g/Nrp4XVWBS5IaZ7ZUkuvxPOBEDe7pg="
    },
    "nix-patches": {
      "type": "Git",
      "fetchType": "git",
      "branch": "main",
      "revision": "e11ba20945f4a867f09d84343c37328288f274b4",
      "url": "https://git.hubrecht.ovh/hubrecht/nix-patches.git",
      "hash": "sha256-O23shOv9RePAw5tD+fTg7pzIEK0TcsuMn+NRfglhzLA=",
      "submodules": false
    },
    "nixos-anywhere": {
      "type": "GitHub",
      "fetchType": "tarball",
      "owner": "nix-community",
      "repo": "nixos-anywhere",
      "branch": "main",
      "revision": "3fb834da466b75300a9141f9a68869c56fbd28f3",
      "url": "https://github.com/nix-community/nixos-anywhere/archive/3fb834da466b75300a9141f9a68869c56fbd28f3.tar.gz",
      "hash": "sha256-4AIZVXZtz54GJLu0/7vM0tUVGCz5KWU6Y8k8S/UHXaU="
    },
    "nixos-cosmic": {
      "type": "GitHub",
      "fetchType": "tarball",
      "owner": "lilyinstarlight",
      "repo": "nixos-cosmic",
      "branch": "main",
      "revision": "b744a190a610460e51fd2dbd10cf2bfc42711fe8",
      "url": "https://github.com/lilyinstarlight/nixos-cosmic/archive/b744a190a610460e51fd2dbd10cf2bfc42711fe8.tar.gz",
      "hash": "sha256-zhLDfVImuWQgwczQ+pxdwteWPiULTwYLzJNGluwcO4A="
    },
    "nixpkgs": {
      "type": "GitHub",
      "fetchType": "tarball",
      "owner": "nixos",
      "repo": "nixpkgs",
      "branch": "nixos-24.05",
      "revision": "c505ebf777526041d792a49d5f6dd4095ea391a7",
      "url": "https://github.com/nixos/nixpkgs/archive/c505ebf777526041d792a49d5f6dd4095ea391a7.tar.gz",
      "hash": "sha256-r+SF9AnHrTg+bk6YszoKfV9lgyw+yaFUQe0dOjI0Z2o="
    },
    "unstable": {
      "type": "GitHub",
      "fetchType": "tarball",
      "owner": "nixos",
      "repo": "nixpkgs",
      "branch": "nixos-unstable",
      "revision": "5633bcff0c6162b9e4b5f1264264611e950c8ec7",
      "url": "https://github.com/nixos/nixpkgs/archive/5633bcff0c6162b9e4b5f1264264611e950c8ec7.tar.gz",
      "hash": "sha256-9UTxR8eukdg+XZeHgxW5hQA9fIKHsKCdOIUycTryeVw="
    },
    "zotero-nix": {
      "type": "GitHub",
      "fetchType": "tarball",
      "owner": "camillemndn",
      "repo": "zotero-nix",
      "branch": "main",
      "revision": "36c832d9b699378fbabcfcc36844c968db6dbec9",
      "url": "https://github.com/camillemndn/zotero-nix/archive/36c832d9b699378fbabcfcc36844c968db6dbec9.tar.gz",
      "hash": "sha256-NnEflPjUDnHm5ZtNb24S/1iETGhaR/HE4E1xMGRLxDk="
    }
  }
}
