{
  "version": "1",
  "sources": {
    "agenix": {
      "type": "GitHub",
      "fetchType": "tarball",
      "owner": "ryantm",
      "repo": "agenix",
      "branch": "main",
      "revision": "e600439ec4c273cf11e06fe4d9d906fb98fa097c",
      "url": "https://github.com/ryantm/agenix/archive/e600439ec4c273cf11e06fe4d9d906fb98fa097c.tar.gz",
      "hash": "sha256-uenf8fv2eG5bKM8C/UvFaiJMZ4IpUFaQxk9OH5t/1gA="
    },
    "buildbot-nix": {
      "type": "GitHub",
      "fetchType": "tarball",
      "owner": "JulienMalka",
      "repo": "buildbot-nix",
      "branch": "main",
      "revision": "699160c3e095d349cf26a4957e07d9cb99a379f2",
      "url": "https://github.com/JulienMalka/buildbot-nix/archive/699160c3e095d349cf26a4957e07d9cb99a379f2.tar.gz",
      "hash": "sha256-AzQrQPctgjr+wGiVLMrP8ZT/B2s0W+DlxViniQbzZ+4="
    },
    "colmena": {
      "type": "GitHub",
      "fetchType": "tarball",
      "owner": "zhaofengli",
      "repo": "colmena",
      "branch": "main",
      "revision": "a6b51f5feae9bfb145daa37fd0220595acb7871e",
      "url": "https://github.com/zhaofengli/colmena/archive/a6b51f5feae9bfb145daa37fd0220595acb7871e.tar.gz",
      "hash": "sha256-LLpiqfOGBippRax9F33kSJ/Imt8gJXb6o0JwSBiNHCk="
    },
    "disko": {
      "type": "GitHub",
      "fetchType": "tarball",
      "owner": "nix-community",
      "repo": "disko",
      "branch": "master",
      "revision": "e51159153b5fbe5c41caab41a7212df93c42d34b",
      "url": "https://github.com/nix-community/disko/archive/e51159153b5fbe5c41caab41a7212df93c42d34b.tar.gz",
      "hash": "sha256-sQzLVCRPfAV/TJXru/jhCyecMXinG/sW8KLoYg0nOpk="
    },
    "dns": {
      "type": "GitHub",
      "fetchType": "tarball",
      "owner": "JulienMalka",
      "repo": "dns.nix",
      "branch": "master",
      "revision": "922d6a72ae1f4436cc8f8e04080c50aa65e0d749",
      "url": "https://github.com/JulienMalka/dns.nix/archive/922d6a72ae1f4436cc8f8e04080c50aa65e0d749.tar.gz",
      "hash": "sha256-K2X21U4sSYtEZiDM0Eg/IV4wRs80kztLi6qaVDIUCJE="
    },
    "emacs-overlay": {
      "type": "GitHub",
      "fetchType": "tarball",
      "owner": "nix-community",
      "repo": "emacs-overlay",
      "branch": "master",
      "revision": "920cd4e86af18bd67a60013d80a79ff2cd7a176b",
      "url": "https://github.com/nix-community/emacs-overlay/archive/920cd4e86af18bd67a60013d80a79ff2cd7a176b.tar.gz",
      "hash": "sha256-rQY2wY+KTGIH2oZFyqdsODjqmOJqyn+0BNURADQHi/s="
    },
    "git-hooks": {
      "type": "GitHub",
      "fetchType": "tarball",
      "owner": "cachix",
      "repo": "git-hooks.nix",
      "branch": "master",
      "revision": "9364dc02281ce2d37a1f55b6e51f7c0f65a75f17",
      "url": "https://github.com/cachix/git-hooks.nix/archive/9364dc02281ce2d37a1f55b6e51f7c0f65a75f17.tar.gz",
      "hash": "sha256-R10v2hoJRLq8jcL4syVFag7nIGE7m13qO48wRIukWNg="
    },
    "home-manager": {
      "type": "GitHub",
      "fetchType": "tarball",
      "owner": "nix-community",
      "repo": "home-manager",
      "branch": "release-24.11",
      "revision": "9d3d080aec2a35e05a15cedd281c2384767c2cfe",
      "url": "https://github.com/nix-community/home-manager/archive/9d3d080aec2a35e05a15cedd281c2384767c2cfe.tar.gz",
      "hash": "sha256-Gs076ot1YuAAsYVcyidLKUMIc4ooOaRGO0PqTY7sBzA="
    },
    "home-manager-unstable": {
      "type": "GitHub",
      "fetchType": "tarball",
      "owner": "nix-community",
      "repo": "home-manager",
      "branch": "master",
      "revision": "c630dfa8abcc65984cc1e47fb25d4552c81dd37e",
      "url": "https://github.com/nix-community/home-manager/archive/c630dfa8abcc65984cc1e47fb25d4552c81dd37e.tar.gz",
      "hash": "sha256-gBlb8R9gnjUAT5XabJeel3C2iEUiBHx3+91651y3Sqo="
    },
    "impermanence": {
      "type": "GitHub",
      "fetchType": "tarball",
      "owner": "nix-community",
      "repo": "impermanence",
      "branch": "master",
      "revision": "4b3e914cdf97a5b536a889e939fb2fd2b043a170",
      "url": "https://github.com/nix-community/impermanence/archive/4b3e914cdf97a5b536a889e939fb2fd2b043a170.tar.gz",
      "hash": "sha256-LJggUHbpyeDvNagTUrdhe/pRVp4pnS6wVKALS782gRI="
    },
    "lanzaboote": {
      "type": "GitHub",
      "fetchType": "tarball",
      "owner": "nix-community",
      "repo": "lanzaboote",
      "branch": "master",
      "revision": "3bdeebbc484a09391c4f0ec8a37bb77809426660",
      "url": "https://github.com/nix-community/lanzaboote/archive/3bdeebbc484a09391c4f0ec8a37bb77809426660.tar.gz",
      "hash": "sha256-2j+sln9RwQn+g7J4GmdFFgvqXnLkvWBNMaUzONlkzUE="
    },
    "lila": {
      "type": "GitHub",
      "fetchType": "tarball",
      "owner": "JulienMalka",
      "repo": "lila",
      "branch": "main",
      "revision": "9c52498d310c8ecca8de63e50658bd5089617e3a",
      "url": "https://github.com/JulienMalka/lila/archive/9c52498d310c8ecca8de63e50658bd5089617e3a.tar.gz",
      "hash": "sha256-GOXCyP1DjN7RV+FULaPxBmXnKaw3jTw5W9uDfhbY/CM="
    },
    "lon": {
      "type": "GitHub",
      "fetchType": "tarball",
      "owner": "nikstur",
      "repo": "lon",
      "branch": "main",
      "revision": "a8b4406e5151af87b989564d4aa98ecd6d4d3500",
      "url": "https://github.com/nikstur/lon/archive/a8b4406e5151af87b989564d4aa98ecd6d4d3500.tar.gz",
      "hash": "sha256-VGvK0ahBl440NMs03WqmP7T4a1DP13yfX47YI84rlGU="
    },
    "nix-index-database": {
      "type": "GitHub",
      "fetchType": "tarball",
      "owner": "mic92",
      "repo": "nix-index-database",
      "branch": "main",
      "revision": "895d81b6228bbd50a6ef22f5a58a504ca99763ea",
      "url": "https://github.com/mic92/nix-index-database/archive/895d81b6228bbd50a6ef22f5a58a504ca99763ea.tar.gz",
      "hash": "sha256-/Ak+Quinhmdxa9m3shjm4lwwwqmzG8zzGhhhhgR1k9I="
    },
    "nixos-anywhere": {
      "type": "GitHub",
      "fetchType": "tarball",
      "owner": "nix-community",
      "repo": "nixos-anywhere",
      "branch": "main",
      "revision": "e8e5d63e46f99fc75d300fb0d0447456d5057698",
      "url": "https://github.com/nix-community/nixos-anywhere/archive/e8e5d63e46f99fc75d300fb0d0447456d5057698.tar.gz",
      "hash": "sha256-HC9kugsuRpPdR1dfRV0hTIqAn+PSR9rn8QWCETILI4o="
    },
    "nixpkgs": {
      "type": "GitHub",
      "fetchType": "tarball",
      "owner": "nixos",
      "repo": "nixpkgs",
      "branch": "nixos-24.11",
      "revision": "ebe2788eafd539477f83775ef93c3c7e244421d3",
      "url": "https://github.com/nixos/nixpkgs/archive/ebe2788eafd539477f83775ef93c3c7e244421d3.tar.gz",
      "hash": "sha256-yfDy6chHcM7pXpMF4wycuuV+ILSTG486Z/vLx/Bdi6Y="
    },
    "proxmox": {
      "type": "GitHub",
      "fetchType": "tarball",
      "owner": "saumonnet",
      "repo": "proxmox-nixos",
      "branch": "main",
      "revision": "4ad21ba619d779b229e308b58066bafd65d5153d",
      "url": "https://github.com/saumonnet/proxmox-nixos/archive/4ad21ba619d779b229e308b58066bafd65d5153d.tar.gz",
      "hash": "sha256-knX3c5OWE1C5QRDdvup+zqlWvwCLDHiME6+i18WwKsE="
    },
    "stateless-uptime-kuma": {
      "type": "Git",
      "fetchType": "git",
      "branch": "truly-deterministic",
      "revision": "78564e5f2c4fad5175f709560e6ee75d30115b22",
      "url": "https://git.dgnum.eu/Luj/stateless-uptime-kuma.git",
      "hash": "sha256-I5uHrQvwKvJMFSOJfEZRZyc5ZElD0tCGfFVDaBfcLNM=",
      "submodules": false
    },
    "unstable": {
      "type": "GitHub",
      "fetchType": "tarball",
      "owner": "nixos",
      "repo": "nixpkgs",
      "branch": "nixos-unstable",
      "revision": "e3e32b642a31e6714ec1b712de8c91a3352ce7e1",
      "url": "https://github.com/nixos/nixpkgs/archive/e3e32b642a31e6714ec1b712de8c91a3352ce7e1.tar.gz",
      "hash": "sha256-7rTAMNTY1xoBwz0h7ZMtEcd8LELk9R5TzBPoHuhNSCk="
    }
  }
}
