GEM
  remote: https://rubygems.org/
  specs:
    addressable (2.9.0)
      public_suffix (>= 2.0.2, < 8.0)
    amazing_print (2.0.0)
    ast (2.4.3)
    bake (0.24.1)
      bigdecimal
      samovar (~> 2.1)
    base64 (0.3.0)
    bcrypt (3.1.22)
    better_errors (2.10.1)
      erubi (>= 1.0.0)
      rack (>= 0.9.0)
      rouge (>= 1.0.0)
    bigdecimal (3.3.1)
    binding_of_caller (1.0.1)
      debug_inspector (>= 1.2.0)
    caliber (0.91.0)
      rubocop (~> 1.86)
      rubocop-capybara (~> 2.23)
      rubocop-disable_syntax (~> 0.2)
      rubocop-packaging (~> 0.6)
      rubocop-performance (~> 1.26)
      rubocop-rake (~> 0.7)
      rubocop-rspec (~> 3.9)
      rubocop-thread_safety (~> 0.7)
    capybara (3.40.0)
      addressable
      matrix
      mini_mime (>= 0.1.3)
      nokogiri (~> 1.11)
      rack (>= 1.6.0)
      rack-test (>= 0.6.3)
      regexp_parser (>= 1.5, < 3.0)
      xpath (~> 3.2)
    capybara-validate_html5 (2.1.0)
      capybara
      rack-test (>= 0.6)
    childprocess (5.1.0)
      logger (~> 1.5)
    chunky_png (1.4.0)
    cogger (2.2.0)
      core (~> 3.0)
      logger (~> 1.7)
      refinements (~> 14.0)
      tone (~> 3.0)
      zeitwerk (~> 2.7)
    concurrent-ruby (1.3.6)
    connection_pool (3.0.2)
    console (1.34.3)
      fiber-annotation
      fiber-local (~> 1.1)
      json
    containable (2.2.1)
      concurrent-ruby (~> 1.3)
    content_disposition (1.0.0)
    core (3.2.0)
    crass (1.0.6)
    csv (3.3.5)
    cuprite (0.17)
      capybara (~> 3.0)
      ferrum (~> 0.17.0)
    database_cleaner-core (2.0.1)
    database_cleaner-sequel (2.0.2)
      database_cleaner-core (~> 2.0.0)
      sequel
    date (3.5.1)
    debug (1.11.1)
      irb (~> 1.10)
      reline (>= 0.3.8)
    debug_inspector (1.2.0)
    diff-lcs (1.6.2)
    docile (1.4.1)
    domain_name (0.6.20240107)
    dotenv (3.2.0)
    down (5.6.0)
      addressable (~> 2.8)
      base64 (~> 0.3)
    dry-auto_inject (1.1.0)
      dry-core (~> 1.1)
      zeitwerk (~> 2.6)
    dry-cli (1.4.1)
    dry-configurable (1.4.0)
      dry-core (~> 1.0)
      zeitwerk (~> 2.6)
    dry-core (1.2.0)
      concurrent-ruby (~> 1.0)
      logger
      zeitwerk (~> 2.6)
    dry-events (1.1.0)
      concurrent-ruby (~> 1.0)
      dry-core (~> 1.1)
    dry-files (1.1.0)
    dry-inflector (1.3.1)
    dry-initializer (3.2.0)
    dry-logger (1.2.2)
      logger
    dry-logic (1.6.0)
      bigdecimal
      concurrent-ruby (~> 1.0)
      dry-core (~> 1.1)
      zeitwerk (~> 2.6)
    dry-monads (1.10.0)
      concurrent-ruby (~> 1.0)
      dry-core (~> 1.1)
      zeitwerk (~> 2.6)
    dry-monitor (1.0.1)
      dry-configurable (~> 1.0, < 2)
      dry-core (~> 1.0, < 2)
      dry-events (~> 1.0, < 2)
    dry-schema (1.16.0)
      concurrent-ruby (~> 1.0)
      dry-configurable (~> 1.0, >= 1.0.1)
      dry-core (~> 1.1)
      dry-initializer (~> 3.2)
      dry-logic (~> 1.6)
      dry-types (~> 1.9, >= 1.9.1)
      zeitwerk (~> 2.6)
    dry-struct (1.8.1)
      dry-core (~> 1.1)
      dry-types (~> 1.8, >= 1.8.2)
      ice_nine (~> 0.11)
      zeitwerk (~> 2.6)
    dry-system (1.2.5)
      dry-auto_inject (~> 1.1)
      dry-configurable (~> 1.3)
      dry-core (~> 1.1)
      dry-inflector (~> 1.1)
    dry-transformer (1.1.0)
      bigdecimal
      zeitwerk (~> 2.6)
    dry-types (1.9.1)
      bigdecimal (>= 3.0)
      concurrent-ruby (~> 1.0)
      dry-core (~> 1.0)
      dry-inflector (~> 1.0)
      dry-logic (~> 1.4)
      zeitwerk (~> 2.6)
    dry-validation (1.11.1)
      concurrent-ruby (~> 1.0)
      dry-core (~> 1.1)
      dry-initializer (~> 3.2)
      dry-schema (~> 1.14)
      zeitwerk (~> 2.6)
    erb (6.0.4)
    erubi (1.13.1)
    et-orbi (1.4.0)
      tzinfo
    etcher (4.2.0)
      cogger (~> 2.0)
      core (~> 3.0)
      dry-monads (~> 1.9)
      dry-types (~> 1.9)
      refinements (~> 14.0)
      versionaire (~> 15.0)
      zeitwerk (~> 2.7)
    faker (3.8.0)
      i18n (>= 1.8.11, < 2)
    ferrum (0.17.2)
      addressable (~> 2.5)
      base64 (~> 0.2)
      concurrent-ruby (~> 1.1)
      webrick (~> 1.7)
      websocket-driver (~> 0.7)
    fiber-annotation (0.2.0)
    fiber-local (1.1.0)
      fiber-storage
    fiber-storage (1.0.1)
    fugit (1.12.1)
      et-orbi (~> 1.4)
      raabro (~> 1.4)
    functionable (1.2.0)
    git-lint (10.2.0)
      cogger (~> 2.0)
      containable (~> 2.0)
      core (~> 3.0)
      dry-monads (~> 1.9)
      dry-schema (~> 1.15)
      etcher (~> 4.0)
      gitt (~> 5.0)
      infusible (~> 5.0)
      refinements (~> 14.0)
      runcom (~> 13.0)
      sod (~> 2.0)
      spek (~> 5.0)
      tone (~> 3.0)
      zeitwerk (~> 2.7)
    gitt (5.2.0)
      core (~> 3.0)
      dry-monads (~> 1.9)
      refinements (~> 14.0)
      zeitwerk (~> 2.7)
    hanami (2.3.2)
      bundler (>= 2.0)
      dry-configurable (~> 1.0, >= 1.2.0, < 2)
      dry-core (~> 1.0, < 2)
      dry-inflector (~> 1.0, >= 1.1.0, < 2)
      dry-logger (~> 1.2, < 2)
      dry-monitor (~> 1.0, >= 1.0.1, < 2)
      dry-system (~> 1.1)
      hanami-cli (>= 2.3.1)
      hanami-utils (>= 2.3.0)
      json (>= 2.7.2)
      rack-session
      zeitwerk (~> 2.6)
    hanami-assets (2.3.0)
      zeitwerk (~> 2.6)
    hanami-cli (2.3.5)
      bundler (>= 2.1)
      dry-cli (~> 1.0, >= 1.1.0)
      dry-files (~> 1.0, >= 1.0.2)
      dry-inflector (~> 1.0)
      irb
      rackup
      rake (~> 13.0)
      zeitwerk (~> 2.6)
    hanami-controller (2.3.1)
      dry-configurable (~> 1.0, < 2)
      dry-core (~> 1.0)
      hanami-utils (~> 2.3.0)
      rack (>= 2.1)
      zeitwerk (~> 2.6)
    hanami-db (2.3.0)
      rom (~> 5.4, >= 5.4.1)
      rom-sql (~> 3.7)
      zeitwerk (~> 2.6)
    hanami-router (2.3.1)
      csv (~> 3.3)
      mustermann (~> 3.0)
      mustermann-contrib (~> 3.0)
      rack (>= 2.2.16)
    hanami-utils (2.3.0)
      bigdecimal (~> 3.1)
      concurrent-ruby (~> 1.0)
      dry-core (~> 1.0, < 2)
      dry-transformer (~> 1.0, < 2)
    hanami-validations (2.3.0)
      dry-validation (>= 1.10, < 2)
    hanami-view (2.3.1)
      dry-configurable (~> 1.0)
      dry-core (~> 1.0)
      dry-inflector (~> 1.0, < 2)
      temple (~> 0.10.0, >= 0.10.2)
      tilt (~> 2.3)
      zeitwerk (~> 2.6)
    hanami-webconsole (2.3.1)
      better_errors (~> 2.10, >= 2.10.1)
      binding_of_caller (~> 1.0)
    hansi (0.2.1)
    htmx (3.2.0)
      refinements (~> 14.0)
      zeitwerk (~> 2.7)
    http (6.0.3)
      http-cookie (~> 1.0)
      llhttp (~> 0.6.1)
    http-cookie (1.1.6)
      domain_name (~> 0.5)
    i18n (1.14.8)
      concurrent-ruby (~> 1.0)
    ice_nine (0.11.2)
    infusible (5.2.0)
      marameters (~> 5.0)
    initable (1.2.0)
      marameters (~> 5.0)
    inspectable (1.2.0)
    io-console (0.8.2)
    irb (1.18.0)
      pp (>= 0.6.0)
      prism (>= 1.3.0)
      rdoc (>= 4.0.0)
      reline (>= 0.4.2)
    irb-kit (2.2.0)
      irb (~> 1.16)
      zeitwerk (~> 2.7)
    json (2.19.5)
    jwt (3.2.0)
      base64
    language_server-protocol (3.17.0.5)
    launchy (3.1.1)
      addressable (~> 2.8)
      childprocess (~> 5.0)
      logger (~> 1.6)
    lint_roller (1.1.0)
    liquid (5.12.0)
      bigdecimal
      strscan (>= 3.1.1)
    llhttp (0.6.1)
    localhost (1.8.0)
      bake
    logger (1.7.0)
    mapping (1.1.3)
    marameters (5.2.0)
      refinements (~> 14.0)
      zeitwerk (~> 2.7)
    marcel (1.1.0)
    matrix (0.4.3)
    mini_magick (5.3.1)
      logger
    mini_mime (1.1.5)
    mini_portile2 (2.8.9)
    mustermann (3.1.1)
    mustermann-contrib (3.1.1)
      hansi (~> 0.2.0)
      mustermann (= 3.1.1)
    nio4r (2.7.5)
    nokogiri (1.19.3)
      mini_portile2 (~> 2.8.2)
      racc (~> 1.4)
    nokogiri (1.19.3-aarch64-linux-gnu)
      racc (~> 1.4)
    nokogiri (1.19.3-aarch64-linux-musl)
      racc (~> 1.4)
    nokogiri (1.19.3-arm-linux-gnu)
      racc (~> 1.4)
    nokogiri (1.19.3-arm-linux-musl)
      racc (~> 1.4)
    nokogiri (1.19.3-arm64-darwin)
      racc (~> 1.4)
    nokogiri (1.19.3-x86_64-darwin)
      racc (~> 1.4)
    nokogiri (1.19.3-x86_64-linux-gnu)
      racc (~> 1.4)
    nokogiri (1.19.3-x86_64-linux-musl)
      racc (~> 1.4)
    nori (2.7.1)
      bigdecimal
    optparse (0.8.1)
    parallel (2.1.0)
    parser (3.3.11.1)
      ast (~> 2.4.1)
      racc
    petail (1.2.0)
      rack (>= 2.2, < 4.0)
      rexml (~> 3.4)
    pg (1.6.3)
    pipeable (2.2.0)
      containable (~> 2.0)
      dry-monads (~> 1.9)
      marameters (~> 5.0)
      refinements (~> 14.0)
      zeitwerk (~> 2.7)
    pp (0.6.3)
      prettyprint
    prettyprint (0.2.0)
    prism (1.9.0)
    psych (5.3.1)
      date
      stringio
    public_suffix (7.0.5)
    puma (8.0.1)
      nio4r (~> 2.0)
    raabro (1.4.0)
    racc (1.8.1)
    rack (3.2.6)
    rack-attack (6.8.0)
      rack (>= 1.0, < 4)
    rack-session (2.1.2)
      base64 (>= 0.1.0)
      rack (>= 3.0.0)
    rack-test (2.2.0)
      rack (>= 1.3)
    rackup (2.3.1)
      rack (>= 3)
    rainbow (3.1.1)
    rake (13.4.2)
    rbs (4.0.2)
      logger
      prism (>= 1.6.0)
      tsort
    rdoc (7.2.0)
      erb
      psych (>= 4.0.0)
      tsort
    redcarpet (3.6.1)
    redis-client (0.29.0)
      connection_pool
    reek (6.5.0)
      dry-schema (~> 1.13)
      logger (~> 1.6)
      parser (~> 3.3.0)
      rainbow (>= 2.0, < 4.0)
      rexml (~> 3.1)
    refinements (14.3.0)
    regexp_parser (2.12.0)
    reline (0.6.3)
      io-console (~> 0.5)
    repl_type_completor (0.1.15)
      prism (~> 1.0)
      rbs (>= 2.7.0)
    rexml (3.4.4)
    roda (3.104.0)
      rack
    rodauth (2.43.0)
      roda (>= 2.6.0)
      sequel (>= 4)
    rom (5.4.3)
      rom-changeset (~> 5.4)
      rom-core (~> 5.4)
      rom-repository (~> 5.4, >= 5.4.3)
    rom-changeset (5.4.0)
      dry-core (~> 1.0)
      rom-core (~> 5.4)
      transproc (~> 1.1)
    rom-core (5.4.0)
      concurrent-ruby (~> 1.1)
      dry-configurable (~> 1.0)
      dry-core (~> 1.0)
      dry-inflector (~> 1.0)
      dry-initializer (~> 3.2)
      dry-struct (~> 1.0)
      dry-types (~> 1.6)
      transproc (~> 1.1)
    rom-factory (0.13.0)
      dry-configurable (~> 1.3)
      dry-core (~> 1.1)
      dry-struct (~> 1.7)
      faker (>= 2.0, < 4)
      rom-core (~> 5.4)
    rom-repository (5.4.3)
      dry-core (~> 1.0)
      dry-initializer (~> 3.2)
      rom-core (~> 5.4)
    rom-sql (3.7.0)
      dry-core (~> 1.1)
      dry-types (~> 1.8)
      rom (~> 5.4)
      sequel (>= 4.49)
    rouge (4.7.0)
    rqrcode (3.2.0)
      chunky_png (~> 1.0)
      rqrcode_core (~> 2.0)
    rqrcode_core (2.1.0)
    rspec (3.13.2)
      rspec-core (~> 3.13.0)
      rspec-expectations (~> 3.13.0)
      rspec-mocks (~> 3.13.0)
    rspec-core (3.13.6)
      rspec-support (~> 3.13.0)
    rspec-expectations (3.13.5)
      diff-lcs (>= 1.2.0, < 2.0)
      rspec-support (~> 3.13.0)
    rspec-mocks (3.13.8)
      diff-lcs (>= 1.2.0, < 2.0)
      rspec-support (~> 3.13.0)
    rspec-support (3.13.7)
    rubocop (1.86.2)
      json (~> 2.3)
      language_server-protocol (~> 3.17.0.2)
      lint_roller (~> 1.1.0)
      parallel (>= 1.10)
      parser (>= 3.3.0.2)
      rainbow (>= 2.2.2, < 4.0)
      regexp_parser (>= 2.9.3, < 3.0)
      rubocop-ast (>= 1.49.0, < 2.0)
      ruby-progressbar (~> 1.7)
      unicode-display_width (>= 2.4.0, < 4.0)
    rubocop-ast (1.49.1)
      parser (>= 3.3.7.2)
      prism (~> 1.7)
    rubocop-capybara (2.23.0)
      lint_roller (~> 1.1)
      rubocop (~> 1.81)
    rubocop-disable_syntax (0.2.0)
      lint_roller
      rubocop (>= 1.72.0)
    rubocop-packaging (0.6.0)
      lint_roller (~> 1.1.0)
      rubocop (>= 1.72.1, < 2.0)
    rubocop-performance (1.26.1)
      lint_roller (~> 1.1)
      rubocop (>= 1.75.0, < 2.0)
      rubocop-ast (>= 1.47.1, < 2.0)
    rubocop-rake (0.7.1)
      lint_roller (~> 1.1)
      rubocop (>= 1.72.1)
    rubocop-rspec (3.9.0)
      lint_roller (~> 1.1)
      rubocop (~> 1.81)
    rubocop-sequel (0.4.1)
      lint_roller (~> 1.1)
      rubocop (>= 1.72.1, < 2)
    rubocop-thread_safety (0.7.3)
      lint_roller (~> 1.1)
      rubocop (~> 1.72, >= 1.72.1)
      rubocop-ast (>= 1.44.0, < 2.0)
    ruby-progressbar (1.13.0)
    rubyzip (3.3.0)
    rufus-scheduler (3.9.2)
      fugit (~> 1.1, >= 1.11.1)
    runcom (13.2.0)
      refinements (~> 14.0)
      xdg (~> 10.0)
      zeitwerk (~> 2.7)
    samovar (2.4.1)
      console (~> 1.0)
      mapping (~> 1.0)
    sanitize (7.0.0)
      crass (~> 1.0.2)
      nokogiri (>= 1.16.8)
    sequel (5.104.0)
      bigdecimal
    shrine (3.6.0)
      content_disposition (~> 1.0)
      down (~> 5.1)
    sidekiq (8.1.5)
      connection_pool (>= 3.0.0)
      json (>= 2.16.0)
      logger (>= 1.7.0)
      rack (>= 3.2.0)
      redis-client (>= 0.29.0)
    sidekiq-scheduler (6.0.2)
      rufus-scheduler (~> 3.2)
      sidekiq (>= 7.3, < 9)
    simplecov (0.22.0)
      docile (~> 1.1)
      simplecov-html (~> 0.11)
      simplecov_json_formatter (~> 0.1)
    simplecov-html (0.13.2)
    simplecov_json_formatter (0.1.4)
    sod (2.2.0)
      cogger (~> 2.0)
      containable (~> 2.0)
      infusible (~> 5.0)
      optparse (~> 0.8)
      refinements (~> 14.0)
      tone (~> 3.0)
      zeitwerk (~> 2.7)
    spek (5.2.0)
      core (~> 3.0)
      dry-monads (~> 1.9)
      refinements (~> 14.0)
      versionaire (~> 15.0)
      zeitwerk (~> 2.7)
    stringio (3.2.0)
    strscan (3.1.8)
    temple (0.10.4)
    tilt (2.7.0)
    tone (3.2.0)
      refinements (~> 14.0)
      zeitwerk (~> 2.7)
    transproc (1.1.1)
    trmnl-api (0.15.0)
      cogger (~> 2.0)
      containable (~> 2.0)
      core (~> 3.2)
      dry-monads (~> 1.9)
      dry-schema (~> 1.14)
      dry-types (~> 1.8)
      http (~> 6.0)
      infusible (~> 5.0)
      inspectable (~> 1.0)
      pipeable (~> 2.0)
      zeitwerk (~> 2.7)
    trmnl-liquid (0.7.0)
      liquid (~> 5.12)
      redcarpet (~> 3.6)
      rqrcode (~> 3.2)
      tzinfo (~> 2.0)
    tsort (0.2.0)
    tzinfo (2.0.6)
      concurrent-ruby (~> 1.0)
    unicode-display_width (3.2.0)
      unicode-emoji (~> 4.1)
    unicode-emoji (4.2.0)
    versionaire (15.2.0)
      refinements (~> 14.0)
    warning (1.6.0)
    webrick (1.9.2)
    websocket-driver (0.8.0)
      base64
      websocket-extensions (>= 0.1.0)
    websocket-extensions (0.1.5)
    wholeable (2.2.0)
    xdg (10.2.0)
    xpath (3.2.0)
      nokogiri (~> 1.8)
    zeitwerk (2.8.0)

PLATFORMS
  aarch64-linux
  aarch64-linux-gnu
  aarch64-linux-musl
  arm-linux
  arm-linux-gnu
  arm-linux-musl
  arm64-darwin
  ruby
  x86_64-darwin
  x86_64-linux
  x86_64-linux-gnu
  x86_64-linux-musl

DEPENDENCIES
  amazing_print (~> 2.0)
  bcrypt (~> 3.1)
  caliber (~> 0.91)
  capybara (~> 3.40)
  capybara-validate_html5 (~> 2.1)
  cogger (~> 2.0)
  connection_pool (~> 3.0)
  core (~> 3.2)
  csv (~> 3.3)
  cuprite (~> 0.15)
  database_cleaner-sequel (~> 2.0)
  debug (~> 1.11)
  dotenv (~> 3.1)
  dry-monads (~> 1.9)
  dry-schema (~> 1.15)
  dry-types (~> 1.9)
  dry-validation (~> 1.11)
  ferrum (~> 0.15)
  functionable (~> 1.0)
  git-lint (~> 10.0)
  hanami (~> 2.3)
  hanami-assets (~> 2.3)
  hanami-controller (~> 2.3)
  hanami-db (~> 2.3)
  hanami-router (~> 2.3)
  hanami-validations (~> 2.3)
  hanami-view (~> 2.3)
  hanami-webconsole (~> 2.3)
  htmx (~> 3.0)
  http (~> 6.0)
  i18n (~> 1.14)
  initable (~> 1.0)
  inspectable (~> 1.0)
  irb-kit (~> 2.0)
  jwt (~> 3.1)
  launchy (~> 3.1)
  liquid (~> 5.9)
  localhost (~> 1.3)
  marcel (~> 1.0)
  mini_magick (~> 5.2)
  nori (~> 2.7)
  petail (~> 1.0)
  pg (~> 1.6)
  pipeable (~> 2.0)
  puma (~> 8.0)
  rack-attack (~> 6.7)
  rack-test (~> 2.2)
  rake (~> 13.4)
  reek (~> 6.5)
  refinements (~> 14.0)
  repl_type_completor (~> 0.1)
  rodauth (~> 2.41)
  rom (~> 5.4)
  rom-factory (~> 0.13)
  rom-sql (~> 3.7)
  rspec (~> 3.13)
  rubocop-sequel (~> 0.3)
  rubyzip (~> 3.2)
  sanitize (~> 7.0)
  sequel (~> 5.97)
  shrine (~> 3.6)
  sidekiq (~> 8.0)
  sidekiq-scheduler (~> 6.0)
  simplecov (~> 0.22)
  trmnl-api (~> 0.15)
  trmnl-liquid (~> 0.6)
  versionaire (~> 15.0)
  warning (~> 1.5)
  wholeable (~> 2.1)

CHECKSUMS
  addressable (2.9.0) sha256=7fdf6ac3660f7f4e867a0838be3f6cf722ace541dd97767fa42bc6cfa980c7af
  amazing_print (2.0.0) sha256=2e36aba46ac78d37ed27ca0e2056afe3583183bb5c64f157c246b267355e5d6a
  ast (2.4.3) sha256=954615157c1d6a382bc27d690d973195e79db7f55e9765ac7c481c60bdb4d383
  bake (0.24.1) sha256=8bfac7e61514b17720e3b13cf6a5e122243f43123c6802707b150904bec5f4c7
  base64 (0.3.0) sha256=27337aeabad6ffae05c265c450490628ef3ebd4b67be58257393227588f5a97b
  bcrypt (3.1.22) sha256=1f0072e88c2d705d94aff7f2c5cb02eb3f1ec4b8368671e19112527489f29032
  better_errors (2.10.1) sha256=f798f1bac93f3e775925b7fcb24cffbcf0bb62ee2210f5350f161a6b75fc0a73
  bigdecimal (3.3.1) sha256=eaa01e228be54c4f9f53bf3cc34fe3d5e845c31963e7fcc5bedb05a4e7d52218
  binding_of_caller (1.0.1) sha256=2b2902abff4246ddcfbc4da9b69bc4a019e22aeb300c2ff6289a173d4b90b29a
  caliber (0.91.0) sha256=820a65713613f0c1ec639e7598b977e45988fcf8c66e1cd61fd029d70cff8c0e
  capybara (3.40.0) sha256=42dba720578ea1ca65fd7a41d163dd368502c191804558f6e0f71b391054aeef
  capybara-validate_html5 (2.1.0) sha256=9c5bcac8058f05c8468c0856ccfbf91478e24c7ff07c79b8ac7c64ba9291cf5a
  childprocess (5.1.0) sha256=9a8d484be2fd4096a0e90a0cd3e449a05bc3aa33f8ac9e4d6dcef6ac1455b6ec
  chunky_png (1.4.0) sha256=89d5b31b55c0cf4da3cf89a2b4ebc3178d8abe8cbaf116a1dba95668502fdcfe
  cogger (2.2.0) sha256=d2cb16fc7aa93001865a3c73454027cc26348ff48b6f49cc2d9d100a3407b7d2
  concurrent-ruby (1.3.6) sha256=6b56837e1e7e5292f9864f34b69c5a2cbc75c0cf5338f1ce9903d10fa762d5ab
  connection_pool (3.0.2) sha256=33fff5ba71a12d2aa26cb72b1db8bba2a1a01823559fb01d29eb74c286e62e0a
  console (1.34.3) sha256=869fbd74697efc4c606f102d2812b0b008e4e7fd738a91c591e8577140ec0dcc
  containable (2.2.1) sha256=47870ea565ab5636018d429b40f62d1b3333098c29400a4057d37ab262dfce65
  content_disposition (1.0.0) sha256=aa153da9c1543a45413a3f5f281d8dd50384bb0fba864fe1bd42ba80d88da516
  core (3.2.0) sha256=b3ff51dbf91d65a0b0bae57c16603ca545ea558a1b40a812272abde53abc3440
  crass (1.0.6) sha256=dc516022a56e7b3b156099abc81b6d2b08ea1ed12676ac7a5657617f012bd45d
  csv (3.3.5) sha256=6e5134ac3383ef728b7f02725d9872934f523cb40b961479f69cf3afa6c8e73f
  cuprite (0.17) sha256=b140d5dc70d08b97ad54bcf45cd95d0bd430e291e9dffe76fff851fddd57c12b
  database_cleaner-core (2.0.1) sha256=8646574c32162e59ed7b5258a97a208d3c44551b854e510994f24683865d846c
  database_cleaner-sequel (2.0.2) sha256=f1e6566a1a34d7425ff94b447e2c16181bc215555aff3dfe463b7977b621d4bf
  date (3.5.1) sha256=750d06384d7b9c15d562c76291407d89e368dda4d4fff957eb94962d325a0dc0
  debug (1.11.1) sha256=2e0b0ac6119f2207a6f8ac7d4a73ca8eb4e440f64da0a3136c30343146e952b6
  debug_inspector (1.2.0) sha256=9bdfa02eebc3da163833e6a89b154084232f5766087e59573b70521c77ea68a2
  diff-lcs (1.6.2) sha256=9ae0d2cba7d4df3075fe8cd8602a8604993efc0dfa934cff568969efb1909962
  docile (1.4.1) sha256=96159be799bfa73cdb721b840e9802126e4e03dfc26863db73647204c727f21e
  domain_name (0.6.20240107) sha256=5f693b2215708476517479bf2b3802e49068ad82167bcd2286f899536a17d933
  dotenv (3.2.0) sha256=e375b83121ea7ca4ce20f214740076129ab8514cd81378161f11c03853fe619d
  down (5.6.0) sha256=48ec6ddb078cbf3b425d02596bb388303316f976143c6e94a7b3169d6712b593
  dry-auto_inject (1.1.0) sha256=f9276cb5d15a3ef138e1f1149e289e287f636de57ef4a6decd233542eb708f78
  dry-cli (1.4.1) sha256=b8015bb76c708aa8705a36faf694973e75eeeffca39b89c8e172dc6f66a7d874
  dry-configurable (1.4.0) sha256=e35d1b5f3c081753ef361f564919db79000f32cfa6f20ee3a3ba5921b41b73ce
  dry-core (1.2.0) sha256=0cc5a7da88df397f153947eeeae42e876e999c1e30900f3c536fb173854e96a1
  dry-events (1.1.0) sha256=53f13960daf02cc06c2ea6cdf3209e29b0dd400f8977a8020834a68c044a78de
  dry-files (1.1.0) sha256=4fe91d007ad78d303b7f3a8a2321bbfc554fcc01aa11a6b37246658bbf8d41de
  dry-inflector (1.3.1) sha256=7fb0c2bb04f67638f25c52e7ba39ab435d922a3a5c3cd196120f63accb682dcc
  dry-initializer (3.2.0) sha256=37d59798f912dc0a1efe14a4db4a9306989007b302dcd5f25d0a2a20c166c4e3
  dry-logger (1.2.2) sha256=eaf91bbc131135b2148d779fb22b8aff4a1b1ad616c721dab6d113beaa5e41c7
  dry-logic (1.6.0) sha256=da6fedbc0f90fc41f9b0cc7e6f05f5d529d1efaef6c8dcc8e0733f685745cea2
  dry-monads (1.10.0) sha256=68c90d77617c6ce88d60704fc3b233907e6320974152fe75ad947f968006ca39
  dry-monitor (1.0.1) sha256=4ac8ed1f85b14bfde1aa0bce9496d7d2fc699c5a4a1131010c8014d5f9e7a309
  dry-schema (1.16.0) sha256=cd3aaeabc0f1af66ec82a29096d4c4fb92a0a58b9dae29a22b1bbceb78985727
  dry-struct (1.8.1) sha256=033868594c45241540172bf1ebbc8bb76b72b4f0717072325deba38ac13e80f1
  dry-system (1.2.5) sha256=a02f57c18cbcc6c9c4ea99a7eed0afc830263d2051c855a46a7229ea3708d143
  dry-transformer (1.1.0) sha256=87bfe22a708aa69f3e6e76a6119aba0b42999f154e4fe7c261d4673720534da3
  dry-types (1.9.1) sha256=baebeecdb9f8395d6c9d227b62011279440943e3ef2468fe8ccc1ba11467f178
  dry-validation (1.11.1) sha256=70900bb5a2d911c8aab566d3e360c6bff389b8bf92ea8e04885ce51c41ff8085
  erb (6.0.4) sha256=38e3803694be357fe2bfe312487c74beaf9fb4e5beb3e22498952fe1645b95d9
  erubi (1.13.1) sha256=a082103b0885dbc5ecf1172fede897f9ebdb745a4b97a5e8dc63953db1ee4ad9
  et-orbi (1.4.0) sha256=6c7e3c90779821f9e3b324c5e96fda9767f72995d6ae435b96678a4f3e2de8bc
  etcher (4.2.0) sha256=a515cd09cde9299633faf706966359fedd6767ee5f4bb9dd42abf5942d1404d3
  faker (3.8.0) sha256=c147b308df73a90f27a4fc84f18d4c22ef0ad9c2a64b2b61c86fd0ca71753efc
  ferrum (0.17.2) sha256=2c2540a850b211a46f4d81de21bfd62048f507e4c327d1807225c3823c17e6ee
  fiber-annotation (0.2.0) sha256=7abfadf1d119f508867d4103bf231c0354d019cc39a5738945dec2edadaf6c03
  fiber-local (1.1.0) sha256=c885f94f210fb9b05737de65d511136ea602e00c5105953748aa0f8793489f06
  fiber-storage (1.0.1) sha256=f48e5b6d8b0be96dac486332b55cee82240057065dc761c1ea692b2e719240e1
  fugit (1.12.1) sha256=5898f478ede9b415f0804e42b8f3fd53f814bd85eebffceebdbc34e1107aaf68
  functionable (1.2.0) sha256=76e9ddd98994b61dfef6cf3d9366eb4202101abed562363f6c30500fd62668da
  git-lint (10.2.0) sha256=4a130dc6eda17ab478c1e57fca72031aa8647a2c50864f394d58a9ece9b86186
  gitt (5.2.0) sha256=3eb08a9d9601923a682b0be0d7b82cd770dda51cd62696190b378e223b6a12c3
  hanami (2.3.2) sha256=2f1e7e10d760bd0c3929bcb55a42f38281bd5da507e40b98e62282f52f452e3b
  hanami-assets (2.3.0) sha256=c396bb735833458d0ceda013f498154eccafcae50c36db7f27cdd50f0560223d
  hanami-cli (2.3.5) sha256=213fc8181e566930821d830eae335b22e93c3e5018f4f22d0c13792d1e76f05e
  hanami-controller (2.3.1) sha256=ad48df2b4e437fc8392c236d0ddc2fabc1a466db5ee829f05519134889e2b9d9
  hanami-db (2.3.0) sha256=d6baa6c16a9321e5132799b8b26c3e6a2e19b8c5515c8785fb1ab94720d94711
  hanami-router (2.3.1) sha256=81b3665cb851de5703bd2fea3f375eccb2af871288cf130ab0fbc42b3b8ae31f
  hanami-utils (2.3.0) sha256=aa00f6c377ab4ad2cbe57d989781bace348c9f234201bc60715058dc6e220999
  hanami-validations (2.3.0) sha256=ccc7cd9a829473934c01971024940ccef2b69aefd6abbf542740363acbda64aa
  hanami-view (2.3.1) sha256=7047571e44218bdb255ba50549f105cb4eb35ace39a7aff2765370840f494603
  hanami-webconsole (2.3.1) sha256=0fec8e5b4395ab3c93b976a4cb8a7b9d61ed85d19c67534aa74c99385f2c768f
  hansi (0.2.1) sha256=7e27dfd729f1692a3a7690fc0ef3af9d5e3cfc0285bb135cae7e56180e4805db
  htmx (3.2.0) sha256=515b398420dc8576f146d35722095b61a1f218aaa20a58f22a2462ec0206c9bf
  http (6.0.3) sha256=0206e79131089ca9aae557c6791afd6bf9339af319d78a616af1477ae79614fa
  http-cookie (1.1.6) sha256=ba4b82be64de61dc281243dac70e3c382c45142f20268ed9276a3670c93feaa9
  i18n (1.14.8) sha256=285778639134865c5e0f6269e0b818256017e8cde89993fdfcbfb64d088824a5
  ice_nine (0.11.2) sha256=5d506a7d2723d5592dc121b9928e4931742730131f22a1a37649df1c1e2e63db
  infusible (5.2.0) sha256=f57ef73319367ee9c7c09d29a83c29124ef0d7f8cd6c2c519c75b021b0499c0a
  initable (1.2.0) sha256=719c69857a2dfafa4b5958c36d85928387372a2f3c158d9ff584be3f1a5bcd39
  inspectable (1.2.0) sha256=beeea2f0f837c4c8b14e0b326d1345c844f8828bfdb8fb1ad0fd860765d75a9c
  io-console (0.8.2) sha256=d6e3ae7a7cc7574f4b8893b4fca2162e57a825b223a177b7afa236c5ef9814cc
  irb (1.18.0) sha256=de9454a0703a54704b9811a5ef31a60c86949fbf4013fcf244fabc7c775248e3
  irb-kit (2.2.0) sha256=aa81c2f2442c39c435c0818b68aa163d3e99a05bda51fac20188e486ba737032
  json (2.19.5) sha256=218a18553e4801d579ca7e0f5bc72bafd776d7397238a1fb4e74db5b0a812c59
  jwt (3.2.0) sha256=5419b1fe37b1da0982bd07051f573a8b8789ab724c2aa7e785e4784a3ed217d7
  language_server-protocol (3.17.0.5) sha256=fd1e39a51a28bf3eec959379985a72e296e9f9acfce46f6a79d31ca8760803cc
  launchy (3.1.1) sha256=72b847b5cc961589dde2c395af0108c86ff0119f42d4648d25b5440ebb10059e
  lint_roller (1.1.0) sha256=2c0c845b632a7d172cb849cc90c1bce937a28c5c8ccccb50dfd46a485003cc87
  liquid (5.12.0) sha256=5a3c2c2430cd925d21c53e4ed9abea52cd0a9da53b541422f81dee79aca2a673
  llhttp (0.6.1) sha256=9da187ecf6407265465919cc0d691210ef79e38fa6e86e5e45593bdf25b50146
  localhost (1.8.0) sha256=df7ea825b4f64949c588c17efac86bc47ddc4460d723778abe933b71759b2701
  logger (1.7.0) sha256=196edec7cc44b66cfb40f9755ce11b392f21f7967696af15d274dde7edff0203
  mapping (1.1.3) sha256=2274931d20ecd46eaafdd1e00c58cc7472133b213bcac335cc7733d3c75f4da2
  marameters (5.2.0) sha256=debccb7cec86d47347ae8aa7014a279c90217af7803ee96c5b5429057091c980
  marcel (1.1.0) sha256=fdcfcfa33cc52e93c4308d40e4090a5d4ea279e160a7f6af988260fa970e0bee
  matrix (0.4.3) sha256=a0d5ab7ddcc1973ff690ab361b67f359acbb16958d1dc072b8b956a286564c5b
  mini_magick (5.3.1) sha256=29395dfd76badcabb6403ee5aff6f681e867074f8f28ce08d78661e9e4a351c4
  mini_mime (1.1.5) sha256=8681b7e2e4215f2a159f9400b5816d85e9d8c6c6b491e96a12797e798f8bccef
  mini_portile2 (2.8.9) sha256=0cd7c7f824e010c072e33f68bc02d85a00aeb6fce05bb4819c03dfd3c140c289
  mustermann (3.1.1) sha256=4c6170c7234d5499c345562ba7c7dfe73e1754286dcc1abb053064d66a127198
  mustermann-contrib (3.1.1) sha256=c3ecf24f71668222e7554721fa6957d9dfe504997fd8c12a8557d8c39a82a81d
  nio4r (2.7.5) sha256=6c90168e48fb5f8e768419c93abb94ba2b892a1d0602cb06eef16d8b7df1dca1
  nokogiri (1.19.3) sha256=78312cbac32a40c812780d9678221b79d51288eec00054c1a8d15f7ce05960e8
  nokogiri (1.19.3-aarch64-linux-gnu) sha256=46b89e5d7b9e844c2ee360794240c6ea2a4e6fa0c5892a4ed487db621224b639
  nokogiri (1.19.3-aarch64-linux-musl) sha256=8392dfdcd21be7a94dbbe9ccc138dea01b97b24cb2dc02a114ca98bfb1d9a0b7
  nokogiri (1.19.3-arm-linux-gnu) sha256=3919d5ffc334ad778a4a9eb88fda7dcb8b1fb58c8a52ac640c6dcd2f038e774f
  nokogiri (1.19.3-arm-linux-musl) sha256=9ce1cb6346bb9c67b1550eb537aa183ead91e4b6eadb2f36ade02d8dd2a79fb6
  nokogiri (1.19.3-arm64-darwin) sha256=71b9bd424b1b7abc18b05052a1a3cfd3627abdca62be280854cc411791357e42
  nokogiri (1.19.3-x86_64-darwin) sha256=77f3fba57d46c53ab31e62fc6c28f705109d1bf6264356c76f132b2be5728d4d
  nokogiri (1.19.3-x86_64-linux-gnu) sha256=2f5078620fe12e83669b5b17311b32532a8153d02eee7ad06948b926d6080976
  nokogiri (1.19.3-x86_64-linux-musl) sha256=248c906d2166eca5efb56d52fdee5f9a1f51d69a72e2b64fdac647b4ce39ea3f
  nori (2.7.1) sha256=6166cd336959854762073e2fbae888593809cac1b3e904f4fb009313d7226861
  optparse (0.8.1) sha256=42bea10d53907ccff4f080a69991441d611fbf8733b60ed1ce9ee365ce03bd1a
  parallel (2.1.0) sha256=b35258865c2e31134c5ecb708beaaf6772adf9d5efae28e93e99260877b09356
  parser (3.3.11.1) sha256=d17ace7aabe3e72c3cc94043714be27cc6f852f104d81aa284c2281aecc65d54
  petail (1.2.0) sha256=b6c85aa9e0dbd199911fdf7c0fe713f2a62c16152c922e3d14733910a27f85f7
  pg (1.6.3) sha256=1388d0563e13d2758c1089e35e973a3249e955c659592d10e5b77c468f628a99
  pipeable (2.2.0) sha256=b6616a55c30b1df508fb8e93e98d51c879cfd82aa3307c6c63dcf9b23ddc5948
  pp (0.6.3) sha256=2951d514450b93ccfeb1df7d021cae0da16e0a7f95ee1e2273719669d0ab9df6
  prettyprint (0.2.0) sha256=2bc9e15581a94742064a3cc8b0fb9d45aae3d03a1baa6ef80922627a0766f193
  prism (1.9.0) sha256=7b530c6a9f92c24300014919c9dcbc055bf4cdf51ec30aed099b06cd6674ef85
  psych (5.3.1) sha256=eb7a57cef10c9d70173ff74e739d843ac3b2c019a003de48447b2963d81b1974
  public_suffix (7.0.5) sha256=1a8bb08f1bbea19228d3bed6e5ed908d1cb4f7c2726d18bd9cadf60bc676f623
  puma (8.0.1) sha256=7b94e50c07655718c1fb8ae41a11fc06c7d61293208b3aa608ff71a46d3ad37c
  raabro (1.4.0) sha256=d4fa9ff5172391edb92b242eed8be802d1934b1464061ae5e70d80962c5da882
  racc (1.8.1) sha256=4a7f6929691dbec8b5209a0b373bc2614882b55fc5d2e447a21aaa691303d62f
  rack (3.2.6) sha256=5ed78e1f73b2e25679bec7d45ee2d4483cc4146eb1be0264fc4d94cb5ef212c2
  rack-attack (6.8.0) sha256=f2499fdebf85bcc05573a22dff57d24305ac14ec2e4156cd3c28d47cafeeecf2
  rack-session (2.1.2) sha256=595434f8c0c3473ae7d7ac56ecda6cc6dfd9d37c0b2b5255330aa1576967ffe8
  rack-test (2.2.0) sha256=005a36692c306ac0b4a9350355ee080fd09ddef1148a5f8b2ac636c720f5c463
  rackup (2.3.1) sha256=6c79c26753778e90983761d677a48937ee3192b3ffef6bc963c0950f94688868
  rainbow (3.1.1) sha256=039491aa3a89f42efa1d6dec2fc4e62ede96eb6acd95e52f1ad581182b79bc6a
  rake (13.4.2) sha256=cb825b2bd5f1f8e91ca37bddb4b9aaf345551b4731da62949be002fa89283701
  rbs (4.0.2) sha256=af75671e66cd03434cc546622741ebf83f6197ec4328375805306330bf78ef25
  rdoc (7.2.0) sha256=8650f76cd4009c3b54955eb5d7e3a075c60a57276766ebf36f9085e8c9f23192
  redcarpet (3.6.1) sha256=d444910e6aa55480c6bcdc0cdb057626e8a32c054c29e793fa642ba2f155f445
  redis-client (0.29.0) sha256=0c65bf1f8f6dca22063ddb085c0bb2054feef6f03a84869f4161b18a9a15bea3
  reek (6.5.0) sha256=d26d3a492773b2bbc228888067a21afe33ac07954a17dbd64cdeae42c4c69be1
  refinements (14.3.0) sha256=e3c440d92e28aa9bbf9ae249ae2e6522a065240e282c97287fd09060e7e6976d
  regexp_parser (2.12.0) sha256=35a916a1d63190ab5c9009457136ae5f3c0c7512d60291d0d1378ba18ce08ebb
  reline (0.6.3) sha256=1198b04973565b36ec0f11542ab3f5cfeeec34823f4e54cebde90968092b1835
  repl_type_completor (0.1.15) sha256=dec24c45fffefa3b55b19115fee20b3446c2f75c7605f579ab6047e931edd335
  rexml (3.4.4) sha256=19e0a2c3425dfbf2d4fc1189747bdb2f849b6c5e74180401b15734bc97b5d142
  roda (3.104.0) sha256=1b1e64a4634a99c737b251b6f94cba7625c01755b0db4cb62280bebe49c898f7
  rodauth (2.43.0) sha256=4dc5f5c6b8013502352beb342f72b64515680af2f95603f7248031fd9203984a
  rom (5.4.3) sha256=dc8925ba216e9635651edbbb1b4ddc0f145782a100e78458434e5f0aacfec2c8
  rom-changeset (5.4.0) sha256=503b9d2ad082743a28c06da70d431c7f12c18c4c0bca7f90c66d5aa2e13db898
  rom-core (5.4.0) sha256=a08264e40892cf86a57e32f6c09803b30e4fb3b1da86a64d41e71d92575df08f
  rom-factory (0.13.0) sha256=b6a3d45f79a2c48117ae1550a0790d1cd6b26b27fdff6307e7368ddb7a65ef85
  rom-repository (5.4.3) sha256=a45477c6e01241ed9361c6d5e457c398882f97e376f7a0ac1276e0aa8c013557
  rom-sql (3.7.0) sha256=56ba0714603d72d7ab5ad3247b6526d04ae83b6fcc807f4a1fa953cd7a65a639
  rouge (4.7.0) sha256=dba5896715c0325c362e895460a6d350803dbf6427454f49a47500f3193ea739
  rqrcode (3.2.0) sha256=64c1494ca6bb67d731330f38b50e3fd09eeab4f5dcd04b608e21218d1d0b9542
  rqrcode_core (2.1.0) sha256=f303b85df89c1b8fc5ee8dc19808c9dc4330e6329b660d99d4a8cbb36ca13051
  rspec (3.13.2) sha256=206284a08ad798e61f86d7ca3e376718d52c0bc944626b2349266f239f820587
  rspec-core (3.13.6) sha256=a8823c6411667b60a8bca135364351dda34cd55e44ff94c4be4633b37d828b2d
  rspec-expectations (3.13.5) sha256=33a4d3a1d95060aea4c94e9f237030a8f9eae5615e9bd85718fe3a09e4b58836
  rspec-mocks (3.13.8) sha256=086ad3d3d17533f4237643de0b5c42f04b66348c28bf6b9c2d3f4a3b01af1d47
  rspec-support (3.13.7) sha256=0640e5570872aafefd79867901deeeeb40b0c9875a36b983d85f54fb7381c47c
  rubocop (1.86.2) sha256=bb2e97f635eda42c448f2588f4a6ff78f221b8bdfdf65b1e9b07fbd57521b45d
  rubocop-ast (1.49.1) sha256=4412f3ee70f6fe4546cc489548e0f6fcf76cafcfa80fa03af67098ffed755035
  rubocop-capybara (2.23.0) sha256=f9ea1ba3a7561ee8e88cf76fc378ce517ce5327155f305ee7b5c2500e5aee357
  rubocop-disable_syntax (0.2.0) sha256=1e61645773b3fc2f74e995ec65f605f7db59437c274fdfd4f385f60bf86af73e
  rubocop-packaging (0.6.0) sha256=fb92bd0fb48e6f8cdb1648d2249b0cd51c2497dcc87340132d22f01edbf558a7
  rubocop-performance (1.26.1) sha256=cd19b936ff196df85829d264b522fd4f98b6c89ad271fa52744a8c11b8f71834
  rubocop-rake (0.7.1) sha256=3797f2b6810c3e9df7376c26d5f44f3475eda59eb1adc38e6f62ecf027cbae4d
  rubocop-rspec (3.9.0) sha256=8fa70a3619408237d789aeecfb9beef40576acc855173e60939d63332fdb55e2
  rubocop-sequel (0.4.1) sha256=f325dc470c1e3191a616b41a4bf8cfbb2c3c2f4fbc2eee6286de019ca1f7c113
  rubocop-thread_safety (0.7.3) sha256=067cdd52fbf5deffc18995437e45b5194236eaff4f71de3375a1f6052e48f431
  ruby-progressbar (1.13.0) sha256=80fc9c47a9b640d6834e0dc7b3c94c9df37f08cb072b7761e4a71e22cff29b33
  rubyzip (3.3.0) sha256=a372fc67892a4f8c0bc8ec906b720353d8e48807a64b2e63adf99b1e3583a034
  rufus-scheduler (3.9.2) sha256=55fa9e4db0ff69d7f38c804f17baba0c9bce5cba39984ae3c5cf6c039d1323b9
  runcom (13.2.0) sha256=5eb2f8440580e42bf0ffbe3207f54a00b6aba53ca9a2ddc50fd215f9d32d8e69
  samovar (2.4.1) sha256=c3b91dd0580771e3bc600621c1111f29542529dcffafaac3b6bf068b3f309e80
  sanitize (7.0.0) sha256=269d1b9d7326e69307723af5643ec032ff86ad616e72a3b36d301ac75a273984
  sequel (5.104.0) sha256=1521819b9204aa7f5c25b29fbb2a609ba3f6a82d2271f34f718e1169d31bf03e
  shrine (3.6.0) sha256=d361b7e5a452d65d900f3326ed99fe343d0d3b2ce17e012fc04ae85b0373358c
  sidekiq (8.1.5) sha256=19821ff6031100c2317f72a5b8ab32304ca84f5acb5a2ef846ed1ec14144ab02
  sidekiq-scheduler (6.0.2) sha256=1065f1a989e750849de1d23d1f34338c104ed6ec5a6dc22a2620c5af54a2d6fc
  simplecov (0.22.0) sha256=fe2622c7834ff23b98066bb0a854284b2729a569ac659f82621fc22ef36213a5
  simplecov-html (0.13.2) sha256=bd0b8e54e7c2d7685927e8d6286466359b6f16b18cb0df47b508e8d73c777246
  simplecov_json_formatter (0.1.4) sha256=529418fbe8de1713ac2b2d612aa3daa56d316975d307244399fa4838c601b428
  sod (2.2.0) sha256=ef497bdf8999ca6b6fbea5307eb10048801567617dc432a7d164a72d0972827e
  spek (5.2.0) sha256=010a2deef17b2e13864e652d2e630fe6e6fe939fd09ab84597881b1b1d0abf9c
  stringio (3.2.0) sha256=c37cb2e58b4ffbd33fe5cd948c05934af997b36e0b6ca6fdf43afa234cf222e1
  strscan (3.1.8) sha256=aae2db611a225559f21ffbb71765c9a4e60fd262534a9ea84f4f11c7f32f679e
  temple (0.10.4) sha256=b7a1e94b6f09038ab0b6e4fe0126996055da2c38bec53a8a336f075748fff72c
  tilt (2.7.0) sha256=0d5b9ba69f6a36490c64b0eee9f6e9aad517e20dcc848800a06eb116f08c6ab3
  tone (3.2.0) sha256=ecd5edccfcf346134d80fc258395a9f5ce11cba6cb2603e5369cb51c6ea89205
  transproc (1.1.1) sha256=b2f9a85ecaf7064f0b3893ffac929de9fd713b13f5aaf822b0bd091fd6f5c8c2
  trmnl-api (0.15.0) sha256=cf3d55415442f2d902141284f4ad9a4bebed880e37116a97c0993017263d3322
  trmnl-liquid (0.7.0) sha256=25e399c694f58888e45eca730e595d08338c5d977358611c2655375cf9e5090a
  tsort (0.2.0) sha256=9650a793f6859a43b6641671278f79cfead60ac714148aabe4e3f0060480089f
  tzinfo (2.0.6) sha256=8daf828cc77bcf7d63b0e3bdb6caa47e2272dcfaf4fbfe46f8c3a9df087a829b
  unicode-display_width (3.2.0) sha256=0cdd96b5681a5949cdbc2c55e7b420facae74c4aaf9a9815eee1087cb1853c42
  unicode-emoji (4.2.0) sha256=519e69150f75652e40bf736106cfbc8f0f73aa3fb6a65afe62fefa7f80b0f80f
  versionaire (15.2.0) sha256=05e2e5290f81d96b0bcfa5addfafb6dcbe82f6ae7591425571c560b086c10dc8
  warning (1.6.0) sha256=a49cdfae19fb77d19afff2efbe45f8ab759e9cd25b4e4ce2c79dbaf46bdb6c9e
  webrick (1.9.2) sha256=beb4a15fc474defed24a3bda4ffd88a490d517c9e4e6118c3edce59e45864131
  websocket-driver (0.8.0) sha256=ed0dba4b943c22f17f9a734817e808bc84cdce6a7e22045f5315aa57676d4962
  websocket-extensions (0.1.5) sha256=1c6ba63092cda343eb53fc657110c71c754c56484aad42578495227d717a8241
  wholeable (2.2.0) sha256=3771cd074fe482c379e8a2564b01e0877d7c62461926c3b614ceff4707689ba0
  xdg (10.2.0) sha256=fe756543e29548fb05a5b0395ffd49f54ae07182a906598ef9694d68c56af028
  xpath (3.2.0) sha256=6dfda79d91bb3b949b947ecc5919f042ef2f399b904013eb3ef6d20dd3a4082e
  zeitwerk (2.8.0) sha256=474d0a1d2429f635af7c4574f5ddbce0d0cfc286067c7515858b93a26b4f3e3d

RUBY VERSION
  ruby 4.0.2

BUNDLED WITH
  4.0.6
